
Microsoft Visual Studio Solution File, Format Version 12.00
# Visual Studio Version 16
VisualStudioVersion = 16.0.29411.108
MinimumVisualStudioVersion = 10.0.40219.1
Project("{FAE04EC0-301F-11D3-BF4B-00C04F79EFBC}") = "Chapter3_ContentView.Android", "Chapter3_ContentView.Android\Chapter3_ContentView.Android.csproj", "{C732E18F-426F-450E-90D8-78DC192A1374}"
EndProject
Project("{FAE04EC0-301F-11D3-BF4B-00C04F79EFBC}") = "Chapter3_ContentView", "Chapter3_ContentView\Chapter3_ContentView.csproj", "{E855194F-8F57-4398-AC57-6506A667C049}"
EndProject
Global
	GlobalSection(SolutionConfigurationPlatforms) = preSolution
		Debug|Any CPU = Debug|Any CPU
		Release|Any CPU = Release|Any CPU
	EndGlobalSection
	GlobalSection(ProjectConfigurationPlatforms) = postSolution
		{C732E18F-426F-450E-90D8-78DC192A1374}.Debug|Any CPU.ActiveCfg = Debug|Any CPU
		{C732E18F-426F-450E-90D8-78DC192A1374}.Debug|Any CPU.Build.0 = Debug|Any CPU
		{C732E18F-426F-450E-90D8-78DC192A1374}.Debug|Any CPU.Deploy.0 = Debug|Any CPU
		{C732E18F-426F-450E-90D8-78DC192A1374}.Release|Any CPU.ActiveCfg = Release|Any CPU
		{C732E18F-426F-450E-90D8-78DC192A1374}.Release|Any CPU.Build.0 = Release|Any CPU
		{C732E18F-426F-450E-90D8-78DC192A1374}.Release|Any CPU.Deploy.0 = Release|Any CPU
		{E855194F-8F57-4398-AC57-6506A667C049}.Debug|Any CPU.ActiveCfg = Debug|Any CPU
		{E855194F-8F57-4398-AC57-6506A667C049}.Debug|Any CPU.Build.0 = Debug|Any CPU
		{E855194F-8F57-4398-AC57-6506A667C049}.Debug|Any CPU.Deploy.0 = Debug|Any CPU
		{E855194F-8F57-4398-AC57-6506A667C049}.Release|Any CPU.ActiveCfg = Release|Any CPU
		{E855194F-8F57-4398-AC57-6506A667C049}.Release|Any CPU.Build.0 = Release|Any CPU
		{E855194F-8F57-4398-AC57-6506A667C049}.Release|Any CPU.Deploy.0 = Release|Any CPU
	EndGlobalSection
	GlobalSection(SolutionProperties) = preSolution
		HideSolutionNode = FALSE
	EndGlobalSection
	GlobalSection(ExtensibilityGlobals) = postSolution
		SolutionGuid = {3D7E53C1-4C8A-413C-98D7-859A2355057C}
	EndGlobalSection
EndGlobal
