
Microsoft Visual Studio Solution File, Format Version 12.00
# Visual Studio Version 16
VisualStudioVersion = 16.0.29411.108
MinimumVisualStudioVersion = 10.0.40219.1
Project("{FAE04EC0-301F-11D3-BF4B-00C04F79EFBC}") = "Chapter3_Grid.Android", "Chapter3_Grid.Android\Chapter3_Grid.Android.csproj", "{AE9E7EAA-D4B4-4F93-8987-1ADE7C5EA25C}"
EndProject
Project("{FAE04EC0-301F-11D3-BF4B-00C04F79EFBC}") = "Chapter3_Grid", "Chapter3_Grid\Chapter3_Grid.csproj", "{F6D82966-80EA-4F34-BE99-5B15A1D0AF8D}"
EndProject
Global
	GlobalSection(SolutionConfigurationPlatforms) = preSolution
		Debug|Any CPU = Debug|Any CPU
		Release|Any CPU = Release|Any CPU
	EndGlobalSection
	GlobalSection(ProjectConfigurationPlatforms) = postSolution
		{AE9E7EAA-D4B4-4F93-8987-1ADE7C5EA25C}.Debug|Any CPU.ActiveCfg = Debug|Any CPU
		{AE9E7EAA-D4B4-4F93-8987-1ADE7C5EA25C}.Debug|Any CPU.Build.0 = Debug|Any CPU
		{AE9E7EAA-D4B4-4F93-8987-1ADE7C5EA25C}.Debug|Any CPU.Deploy.0 = Debug|Any CPU
		{AE9E7EAA-D4B4-4F93-8987-1ADE7C5EA25C}.Release|Any CPU.ActiveCfg = Release|Any CPU
		{AE9E7EAA-D4B4-4F93-8987-1ADE7C5EA25C}.Release|Any CPU.Build.0 = Release|Any CPU
		{AE9E7EAA-D4B4-4F93-8987-1ADE7C5EA25C}.Release|Any CPU.Deploy.0 = Release|Any CPU
		{F6D82966-80EA-4F34-BE99-5B15A1D0AF8D}.Debug|Any CPU.ActiveCfg = Debug|Any CPU
		{F6D82966-80EA-4F34-BE99-5B15A1D0AF8D}.Debug|Any CPU.Build.0 = Debug|Any CPU
		{F6D82966-80EA-4F34-BE99-5B15A1D0AF8D}.Debug|Any CPU.Deploy.0 = Debug|Any CPU
		{F6D82966-80EA-4F34-BE99-5B15A1D0AF8D}.Release|Any CPU.ActiveCfg = Release|Any CPU
		{F6D82966-80EA-4F34-BE99-5B15A1D0AF8D}.Release|Any CPU.Build.0 = Release|Any CPU
		{F6D82966-80EA-4F34-BE99-5B15A1D0AF8D}.Release|Any CPU.Deploy.0 = Release|Any CPU
	EndGlobalSection
	GlobalSection(SolutionProperties) = preSolution
		HideSolutionNode = FALSE
	EndGlobalSection
	GlobalSection(ExtensibilityGlobals) = postSolution
		SolutionGuid = {0B2DD4E0-FE1A-44E1-BB54-F9F197949664}
	EndGlobalSection
EndGlobal
