
Microsoft Visual Studio Solution File, Format Version 12.00
# Visual Studio Version 16
VisualStudioVersion = 16.0.29411.108
MinimumVisualStudioVersion = 10.0.40219.1
Project("{FAE04EC0-301F-11D3-BF4B-00C04F79EFBC}") = "Chapter3_AbsoluteLayout.Android", "Chapter3_AbsoluteLayout.Android\Chapter3_AbsoluteLayout.Android.csproj", "{9124FEF3-8F26-4B58-8BE0-1E7EFE081850}"
EndProject
Project("{FAE04EC0-301F-11D3-BF4B-00C04F79EFBC}") = "Chapter3_AbsoluteLayout", "Chapter3_AbsoluteLayout\Chapter3_AbsoluteLayout.csproj", "{808784BB-D3AD-4C08-B6DE-70CCC0FF6857}"
EndProject
Global
	GlobalSection(SolutionConfigurationPlatforms) = preSolution
		Debug|Any CPU = Debug|Any CPU
		Release|Any CPU = Release|Any CPU
	EndGlobalSection
	GlobalSection(ProjectConfigurationPlatforms) = postSolution
		{9124FEF3-8F26-4B58-8BE0-1E7EFE081850}.Debug|Any CPU.ActiveCfg = Debug|Any CPU
		{9124FEF3-8F26-4B58-8BE0-1E7EFE081850}.Debug|Any CPU.Build.0 = Debug|Any CPU
		{9124FEF3-8F26-4B58-8BE0-1E7EFE081850}.Debug|Any CPU.Deploy.0 = Debug|Any CPU
		{9124FEF3-8F26-4B58-8BE0-1E7EFE081850}.Release|Any CPU.ActiveCfg = Release|Any CPU
		{9124FEF3-8F26-4B58-8BE0-1E7EFE081850}.Release|Any CPU.Build.0 = Release|Any CPU
		{9124FEF3-8F26-4B58-8BE0-1E7EFE081850}.Release|Any CPU.Deploy.0 = Release|Any CPU
		{808784BB-D3AD-4C08-B6DE-70CCC0FF6857}.Debug|Any CPU.ActiveCfg = Debug|Any CPU
		{808784BB-D3AD-4C08-B6DE-70CCC0FF6857}.Debug|Any CPU.Build.0 = Debug|Any CPU
		{808784BB-D3AD-4C08-B6DE-70CCC0FF6857}.Debug|Any CPU.Deploy.0 = Debug|Any CPU
		{808784BB-D3AD-4C08-B6DE-70CCC0FF6857}.Release|Any CPU.ActiveCfg = Release|Any CPU
		{808784BB-D3AD-4C08-B6DE-70CCC0FF6857}.Release|Any CPU.Build.0 = Release|Any CPU
		{808784BB-D3AD-4C08-B6DE-70CCC0FF6857}.Release|Any CPU.Deploy.0 = Release|Any CPU
	EndGlobalSection
	GlobalSection(SolutionProperties) = preSolution
		HideSolutionNode = FALSE
	EndGlobalSection
	GlobalSection(ExtensibilityGlobals) = postSolution
		SolutionGuid = {95C06431-6FEF-451B-99C4-ACAB2A2AA9E2}
	EndGlobalSection
EndGlobal
