
Microsoft Visual Studio Solution File, Format Version 12.00
# Visual Studio Version 16
VisualStudioVersion = 16.0.29411.108
MinimumVisualStudioVersion = 10.0.40219.1
Project("{FAE04EC0-301F-11D3-BF4B-00C04F79EFBC}") = "Chapter3_Frame.Android", "Chapter3_Frame.Android\Chapter3_Frame.Android.csproj", "{48D0EE60-B20D-4A7E-821F-42DCAD6F23CF}"
EndProject
Project("{FAE04EC0-301F-11D3-BF4B-00C04F79EFBC}") = "Chapter3_Frame", "Chapter3_Frame\Chapter3_Frame.csproj", "{C7A8BFC1-70E6-4435-822E-3DF0A95CD660}"
EndProject
Global
	GlobalSection(SolutionConfigurationPlatforms) = preSolution
		Debug|Any CPU = Debug|Any CPU
		Release|Any CPU = Release|Any CPU
	EndGlobalSection
	GlobalSection(ProjectConfigurationPlatforms) = postSolution
		{48D0EE60-B20D-4A7E-821F-42DCAD6F23CF}.Debug|Any CPU.ActiveCfg = Debug|Any CPU
		{48D0EE60-B20D-4A7E-821F-42DCAD6F23CF}.Debug|Any CPU.Build.0 = Debug|Any CPU
		{48D0EE60-B20D-4A7E-821F-42DCAD6F23CF}.Debug|Any CPU.Deploy.0 = Debug|Any CPU
		{48D0EE60-B20D-4A7E-821F-42DCAD6F23CF}.Release|Any CPU.ActiveCfg = Release|Any CPU
		{48D0EE60-B20D-4A7E-821F-42DCAD6F23CF}.Release|Any CPU.Build.0 = Release|Any CPU
		{48D0EE60-B20D-4A7E-821F-42DCAD6F23CF}.Release|Any CPU.Deploy.0 = Release|Any CPU
		{C7A8BFC1-70E6-4435-822E-3DF0A95CD660}.Debug|Any CPU.ActiveCfg = Debug|Any CPU
		{C7A8BFC1-70E6-4435-822E-3DF0A95CD660}.Debug|Any CPU.Build.0 = Debug|Any CPU
		{C7A8BFC1-70E6-4435-822E-3DF0A95CD660}.Debug|Any CPU.Deploy.0 = Debug|Any CPU
		{C7A8BFC1-70E6-4435-822E-3DF0A95CD660}.Release|Any CPU.ActiveCfg = Release|Any CPU
		{C7A8BFC1-70E6-4435-822E-3DF0A95CD660}.Release|Any CPU.Build.0 = Release|Any CPU
		{C7A8BFC1-70E6-4435-822E-3DF0A95CD660}.Release|Any CPU.Deploy.0 = Release|Any CPU
	EndGlobalSection
	GlobalSection(SolutionProperties) = preSolution
		HideSolutionNode = FALSE
	EndGlobalSection
	GlobalSection(ExtensibilityGlobals) = postSolution
		SolutionGuid = {19A7365F-4D94-42D5-912C-8EB760BBF658}
	EndGlobalSection
EndGlobal
